// !$*UTF8*$!
{
	archiveVersion = 1;
	classes = {
	};
	objectVersion = 46;
	objects = {

/* Begin PBXBuildFile section */
		6CE812991A7CB0ED00AA8333 /* Pointer.swift in Sources */ = {isa = PBXBuildFile; fileRef = 6CE812971A7CB09500AA8333 /* Pointer.swift */; };
		6CE8129A1A7CB1B100AA8333 /* main.swift in Sources */ = {isa = PBXBuildFile; fileRef = 6CE8128E1A7CA9C100AA8333 /* main.swift */; };
		6CE8129B1A7CC27C00AA8333 /* Array.swift in Sources */ = {isa = PBXBuildFile; fileRef = 6CE812951A7CB06E00AA8333 /* Array.swift */; settings = {COMPILER_FLAGS = "-O"; }; };
/* End PBXBuildFile section */

/* Begin PBXCopyFilesBuildPhase section */
		6CE812891A7CA9C000AA8333 /* CopyFiles */ = {
			isa = PBXCopyFilesBuildPhase;
			buildActionMask = 2147483647;
			dstPath = /usr/share/man/man1/;
			dstSubfolderSpec = 0;
			files = (
			);
			runOnlyForDeploymentPostprocessing = 1;
		};
/* End PBXCopyFilesBuildPhase section */

/* Begin PBXFileReference section */
		6CE8128B1A7CA9C100AA8333 /* SwiftResistanceSwift */ = {isa = PBXFileReference; explicitFileType = "compiled.mach-o.executable"; includeInIndex = 0; path = SwiftResistanceSwift; sourceTree = BUILT_PRODUCTS_DIR; };
		6CE8128E1A7CA9C100AA8333 /* main.swift */ = {isa = PBXFileReference; lastKnownFileType = sourcecode.swift; path = main.swift; sourceTree = "<group>"; };
		6CE812951A7CB06E00AA8333 /* Array.swift */ = {isa = PBXFileReference; fileEncoding = 4; lastKnownFileType = sourcecode.swift; path = Array.swift; sourceTree = "<group>"; };
		6CE812971A7CB09500AA8333 /* Pointer.swift */ = {isa = PBXFileReference; fileEncoding = 4; lastKnownFileType = sourcecode.swift; path = Pointer.swift; sourceTree = "<group>"; };
/* End PBXFileReference section */

/* Begin PBXFrameworksBuildPhase section */
		6CE812881A7CA9C000AA8333 /* Frameworks */ = {
			isa = PBXFrameworksBuildPhase;
			buildActionMask = 2147483647;
			files = (
			);
			runOnlyForDeploymentPostprocessing = 0;
		};
/* End PBXFrameworksBuildPhase section */

/* Begin PBXGroup section */
		6CE812821A7CA9C000AA8333 = {
			isa = PBXGroup;
			children = (
				6CE8128D1A7CA9C100AA8333 /* SwiftResistanceSwift */,
				6CE8128C1A7CA9C100AA8333 /* Products */,
			);
			sourceTree = "<group>";
		};
		6CE8128C1A7CA9C100AA8333 /* Products */ = {
			isa = PBXGroup;
			children = (
				6CE8128B1A7CA9C100AA8333 /* SwiftResistanceSwift */,
			);
			name = Products;
			sourceTree = "<group>";
		};
		6CE8128D1A7CA9C100AA8333 /* SwiftResistanceSwift */ = {
			isa = PBXGroup;
			children = (
				6CE8128E1A7CA9C100AA8333 /* main.swift */,
				6CE812971A7CB09500AA8333 /* Pointer.swift */,
				6CE812951A7CB06E00AA8333 /* Array.swift */,
			);
			path = SwiftResistanceSwift;
			sourceTree = "<group>";
		};
/* End PBXGroup section */

/* Begin PBXNativeTarget section */
		6CE8128A1A7CA9C000AA8333 /* SwiftResistanceSwift */ = {
			isa = PBXNativeTarget;
			buildConfigurationList = 6CE812921A7CA9C100AA8333 /* Build configuration list for PBXNativeTarget "SwiftResistanceSwift" */;
			buildPhases = (
				6CE812871A7CA9C000AA8333 /* Sources */,
				6CE812881A7CA9C000AA8333 /* Frameworks */,
				6CE812891A7CA9C000AA8333 /* CopyFiles */,
			);
			buildRules = (
			);
			dependencies = (
			);
			name = SwiftResistanceSwift;
			productName = SwiftResistanceSwift;
			productReference = 6CE8128B1A7CA9C100AA8333 /* SwiftResistanceSwift */;
			productType = "com.apple.product-type.tool";
		};
/* End PBXNativeTarget section */

/* Begin PBXProject section */
		6CE812831A7CA9C000AA8333 /* Project object */ = {
			isa = PBXProject;
			attributes = {
				LastUpgradeCheck = 0610;
				ORGANIZATIONNAME = "David Owens II";
				TargetAttributes = {
					6CE8128A1A7CA9C000AA8333 = {
						CreatedOnToolsVersion = 6.1.1;
					};
				};
			};
			buildConfigurationList = 6CE812861A7CA9C000AA8333 /* Build configuration list for PBXProject "SwiftResistanceSwift" */;
			compatibilityVersion = "Xcode 3.2";
			developmentRegion = English;
			hasScannedForEncodings = 0;
			knownRegions = (
				en,
			);
			mainGroup = 6CE812821A7CA9C000AA8333;
			productRefGroup = 6CE8128C1A7CA9C100AA8333 /* Products */;
			projectDirPath = "";
			projectRoot = "";
			targets = (
				6CE8128A1A7CA9C000AA8333 /* SwiftResistanceSwift */,
			);
		};
/* End PBXProject section */

/* Begin PBXSourcesBuildPhase section */
		6CE812871A7CA9C000AA8333 /* Sources */ = {
			isa = PBXSourcesBuildPhase;
			buildActionMask = 2147483647;
			files = (
				6CE8129B1A7CC27C00AA8333 /* Array.swift in Sources */,
				6CE8129A1A7CB1B100AA8333 /* main.swift in Sources */,
				6CE812991A7CB0ED00AA8333 /* Pointer.swift in Sources */,
			);
			runOnlyForDeploymentPostprocessing = 0;
		};
/* End PBXSourcesBuildPhase section */

/* Begin XCBuildConfiguration section */
		6CE812901A7CA9C100AA8333 /* Debug */ = {
			isa = XCBuildConfiguration;
			buildSettings = {
				ALWAYS_SEARCH_USER_PATHS = NO;
				CLANG_CXX_LANGUAGE_STANDARD = "gnu++0x";
				CLANG_CXX_LIBRARY = "libc++";
				CLANG_ENABLE_MODULES = YES;
				CLANG_ENABLE_OBJC_ARC = YES;
				CLANG_WARN_BOOL_CONVERSION = YES;
				CLANG_WARN_CONSTANT_CONVERSION = YES;
				CLANG_WARN_DIRECT_OBJC_ISA_USAGE = YES_ERROR;
				CLANG_WARN_EMPTY_BODY = YES;
				CLANG_WARN_ENUM_CONVERSION = YES;
				CLANG_WARN_INT_CONVERSION = YES;
				CLANG_WARN_OBJC_ROOT_CLASS = YES_ERROR;
				CLANG_WARN_UNREACHABLE_CODE = YES;
				CLANG_WARN__DUPLICATE_METHOD_MATCH = YES;
				COPY_PHASE_STRIP = NO;
				ENABLE_STRICT_OBJC_MSGSEND = YES;
				GCC_C_LANGUAGE_STANDARD = gnu99;
				GCC_DYNAMIC_NO_PIC = NO;
				GCC_OPTIMIZATION_LEVEL = 0;
				GCC_PREPROCESSOR_DEFINITIONS = (
					"DEBUG=1",
					"$(inherited)",
				);
				GCC_SYMBOLS_PRIVATE_EXTERN = NO;
				GCC_WARN_64_TO_32_BIT_CONVERSION = YES;
				GCC_WARN_ABOUT_RETURN_TYPE = YES_ERROR;
				GCC_WARN_UNDECLARED_SELECTOR = YES;
				GCC_WARN_UNINITIALIZED_AUTOS = YES_AGGRESSIVE;
				GCC_WARN_UNUSED_FUNCTION = YES;
				GCC_WARN_UNUSED_VARIABLE = YES;
				MACOSX_DEPLOYMENT_TARGET = 10.10;
				MTL_ENABLE_DEBUG_INFO = YES;
				ONLY_ACTIVE_ARCH = YES;
				SDKROOT = macosx;
				SWIFT_OPTIMIZATION_LEVEL = "-Onone";
			};
			name = Debug;
		};
		6CE812911A7CA9C100AA8333 /* Release */ = {
			isa = XCBuildConfiguration;
			buildSettings = {
				ALWAYS_SEARCH_USER_PATHS = NO;
				CLANG_CXX_LANGUAGE_STANDARD = "gnu++0x";
				CLANG_CXX_LIBRARY = "libc++";
				CLANG_ENABLE_MODULES = YES;
				CLANG_ENABLE_OBJC_ARC = YES;
				CLANG_WARN_BOOL_CONVERSION = YES;
				CLANG_WARN_CONSTANT_CONVERSION = YES;
				CLANG_WARN_DIRECT_OBJC_ISA_USAGE = YES_ERROR;
				CLANG_WARN_EMPTY_BODY = YES;
				CLANG_WARN_ENUM_CONVERSION = YES;
				CLANG_WARN_INT_CONVERSION = YES;
				CLANG_WARN_OBJC_ROOT_CLASS = YES_ERROR;
				CLANG_WARN_UNREACHABLE_CODE = YES;
				CLANG_WARN__DUPLICATE_METHOD_MATCH = YES;
				COPY_PHASE_STRIP = YES;
				DEBUG_INFORMATION_FORMAT = "dwarf-with-dsym";
				ENABLE_NS_ASSERTIONS = NO;
				ENABLE_STRICT_OBJC_MSGSEND = YES;
				GCC_C_LANGUAGE_STANDARD = gnu99;
				GCC_WARN_64_TO_32_BIT_CONVERSION = YES;
				GCC_WARN_ABOUT_RETURN_TYPE = YES_ERROR;
				GCC_WARN_UNDECLARED_SELECTOR = YES;
				GCC_WARN_UNINITIALIZED_AUTOS = YES_AGGRESSIVE;
				GCC_WARN_UNUSED_FUNCTION = YES;
				GCC_WARN_UNUSED_VARIABLE = YES;
				MACOSX_DEPLOYMENT_TARGET = 10.10;
				MTL_ENABLE_DEBUG_INFO = NO;
				SDKROOT = macosx;
			};
			name = Release;
		};
		6CE812931A7CA9C100AA8333 /* Debug */ = {
			isa = XCBuildConfiguration;
			buildSettings = {
				OTHER_SWIFT_FLAGS = "-emit-assembly -D DEBUG";
				PRODUCT_NAME = "$(TARGET_NAME)";
			};
			name = Debug;
		};
		6CE812941A7CA9C100AA8333 /* Release */ = {
			isa = XCBuildConfiguration;
			buildSettings = {
				OTHER_SWIFT_FLAGS = "-emit-assembly -S";
				PRODUCT_NAME = "$(TARGET_NAME)";
			};
			name = Release;
		};
/* End XCBuildConfiguration section */

/* Begin XCConfigurationList section */
		6CE812861A7CA9C000AA8333 /* Build configuration list for PBXProject "SwiftResistanceSwift" */ = {
			isa = XCConfigurationList;
			buildConfigurations = (
				6CE812901A7CA9C100AA8333 /* Debug */,
				6CE812911A7CA9C100AA8333 /* Release */,
			);
			defaultConfigurationIsVisible = 0;
			defaultConfigurationName = Release;
		};
		6CE812921A7CA9C100AA8333 /* Build configuration list for PBXNativeTarget "SwiftResistanceSwift" */ = {
			isa = XCConfigurationList;
			buildConfigurations = (
				6CE812931A7CA9C100AA8333 /* Debug */,
				6CE812941A7CA9C100AA8333 /* Release */,
			);
			defaultConfigurationIsVisible = 0;
			defaultConfigurationName = Release;
		};
/* End XCConfigurationList section */
	};
	rootObject = 6CE812831A7CA9C000AA8333 /* Project object */;
}
